// !$*UTF8*$!
{
	archiveVersion = 1;
	classes = {
	};
	objectVersion = 46;
	objects = {

/* Begin PBXBuildFile section */
		3F082A951B7B05DF00B60D6C /* AppDelegate.swift in Sources */ = {isa = PBXBuildFile; fileRef = 3F082A941B7B05DF00B60D6C /* AppDelegate.swift */; };
		3F082A971B7B05DF00B60D6C /* ViewController.swift in Sources */ = {isa = PBXBuildFile; fileRef = 3F082A961B7B05DF00B60D6C /* ViewController.swift */; };
		3F082A9A1B7B05DF00B60D6C /* Main.storyboard in Resources */ = {isa = PBXBuildFile; fileRef = 3F082A981B7B05DF00B60D6C /* Main.storyboard */; };
		3F082A9C1B7B05DF00B60D6C /* Images.xcassets in Resources */ = {isa = PBXBuildFile; fileRef = 3F082A9B1B7B05DF00B60D6C /* Images.xcassets */; };
		3F082AAB1B7B05DF00B60D6C /* _______________Tests.swift in Sources */ = {isa = PBXBuildFile; fileRef = 3F082AAA1B7B05DF00B60D6C /* _______________Tests.swift */; };
		3F082AB51B7C283A00B60D6C /* ViewControllera.swift in Sources */ = {isa = PBXBuildFile; fileRef = 3F082AB41B7C283A00B60D6C /* ViewControllera.swift */; };
		3F082AB71B7C284900B60D6C /* ViewControllerb.swift in Sources */ = {isa = PBXBuildFile; fileRef = 3F082AB61B7C284900B60D6C /* ViewControllerb.swift */; };
		3F082AB91B7C285800B60D6C /* ViewControllerc.swift in Sources */ = {isa = PBXBuildFile; fileRef = 3F082AB81B7C285800B60D6C /* ViewControllerc.swift */; };
		3F082ABB1B7C287C00B60D6C /* ViewControllerd.swift in Sources */ = {isa = PBXBuildFile; fileRef = 3F082ABA1B7C287C00B60D6C /* ViewControllerd.swift */; };
		3F29A5831CEF20290089B001 /* o.png in Resources */ = {isa = PBXBuildFile; fileRef = 3F29A5821CEF20290089B001 /* o.png */; };
		3F29A5851CEF203A0089B001 /* aaa.png in Resources */ = {isa = PBXBuildFile; fileRef = 3F29A5841CEF203A0089B001 /* aaa.png */; };
		3F59D1C81C5247FA00BD7693 /* Contents.json in Resources */ = {isa = PBXBuildFile; fileRef = 3F59D1BD1C5247FA00BD7693 /* Contents.json */; };
		3F59D1C91C5247FA00BD7693 /* Icon-40.png in Resources */ = {isa = PBXBuildFile; fileRef = 3F59D1BE1C5247FA00BD7693 /* Icon-40.png */; };
		3F59D1CA1C5247FA00BD7693 /* Icon-40@2x.png in Resources */ = {isa = PBXBuildFile; fileRef = 3F59D1BF1C5247FA00BD7693 /* Icon-40@2x.png */; };
		3F59D1CB1C5247FA00BD7693 /* Icon-40@3x.png in Resources */ = {isa = PBXBuildFile; fileRef = 3F59D1C01C5247FA00BD7693 /* Icon-40@3x.png */; };
		3F59D1CC1C5247FA00BD7693 /* Icon-60@2x.png in Resources */ = {isa = PBXBuildFile; fileRef = 3F59D1C11C5247FA00BD7693 /* Icon-60@2x.png */; };
		3F59D1CD1C5247FA00BD7693 /* Icon-60@3x.png in Resources */ = {isa = PBXBuildFile; fileRef = 3F59D1C21C5247FA00BD7693 /* Icon-60@3x.png */; };
		3F59D1CE1C5247FA00BD7693 /* Icon-76.png in Resources */ = {isa = PBXBuildFile; fileRef = 3F59D1C31C5247FA00BD7693 /* Icon-76.png */; };
		3F59D1CF1C5247FA00BD7693 /* Icon-76@2x.png in Resources */ = {isa = PBXBuildFile; fileRef = 3F59D1C41C5247FA00BD7693 /* Icon-76@2x.png */; };
		3F59D1D01C5247FA00BD7693 /* Icon-Small.png in Resources */ = {isa = PBXBuildFile; fileRef = 3F59D1C51C5247FA00BD7693 /* Icon-Small.png */; };
		3F59D1D11C5247FA00BD7693 /* Icon-Small@2x.png in Resources */ = {isa = PBXBuildFile; fileRef = 3F59D1C61C5247FA00BD7693 /* Icon-Small@2x.png */; };
		3F59D1D21C5247FA00BD7693 /* Icon-Small@3x.png in Resources */ = {isa = PBXBuildFile; fileRef = 3F59D1C71C5247FA00BD7693 /* Icon-Small@3x.png */; };
		3F59D1D41C52495800BD7693 /* Default-736h@3x.png in Resources */ = {isa = PBXBuildFile; fileRef = 3F59D1D31C52495800BD7693 /* Default-736h@3x.png */; };
		3F59D1D81C524A3900BD7693 /* 3.5inch.storyboard in Resources */ = {isa = PBXBuildFile; fileRef = 3F59D1D71C524A3900BD7693 /* 3.5inch.storyboard */; };
		3F5E5CED1BECBD4D00681F51 /* KS-Kohichi-FeltPen.ttf in Resources */ = {isa = PBXBuildFile; fileRef = 3F5E5CEC1BECBD4D00681F51 /* KS-Kohichi-FeltPen.ttf */; };
		3F89F9981BF5EE1C008D36E4 /* .gitignore in Resources */ = {isa = PBXBuildFile; fileRef = 3F89F9911BF5EE1C008D36E4 /* .gitignore */; };
		3F89F9991BF5EE1C008D36E4 /* Default-568h@2x.png in Resources */ = {isa = PBXBuildFile; fileRef = 3F89F9931BF5EE1C008D36E4 /* Default-568h@2x.png */; };
		3F89F99A1BF5EE1C008D36E4 /* Default-667h@2x.png in Resources */ = {isa = PBXBuildFile; fileRef = 3F89F9941BF5EE1C008D36E4 /* Default-667h@2x.png */; };
		3F89F99C1BF5EE1C008D36E4 /* README.md in Sources */ = {isa = PBXBuildFile; fileRef = 3F89F9961BF5EE1C008D36E4 /* README.md */; };
		3F89F99D1BF5EE1C008D36E4 /* StoryboardHelper.swift in Sources */ = {isa = PBXBuildFile; fileRef = 3F89F9971BF5EE1C008D36E4 /* StoryboardHelper.swift */; };
		3FE1A3061C524165002FA61C /* j.png in Resources */ = {isa = PBXBuildFile; fileRef = 3FE1A3051C524165002FA61C /* j.png */; };
		3FE1A3081C524170002FA61C /* food_mentaiko.png in Resources */ = {isa = PBXBuildFile; fileRef = 3FE1A3071C524170002FA61C /* food_mentaiko.png */; };
		3FE1A30A1C524179002FA61C /* food_tarako.png in Resources */ = {isa = PBXBuildFile; fileRef = 3FE1A3091C524179002FA61C /* food_tarako.png */; };
		3FF5F86D1B7C2CAF000859C4 /* vegitable01-001.gif in Resources */ = {isa = PBXBuildFile; fileRef = 3FF5F8621B7C2CAF000859C4 /* vegitable01-001.gif */; };
		3FF5F86E1B7C2CAF000859C4 /* vegitable01-043.gif in Resources */ = {isa = PBXBuildFile; fileRef = 3FF5F8631B7C2CAF000859C4 /* vegitable01-043.gif */; };
		3FF5F8781B7C2FD5000859C4 /* ZinHena-MK.otf in Resources */ = {isa = PBXBuildFile; fileRef = 3FF5F8751B7C2FD5000859C4 /* ZinHena-MK.otf */; };
/* End PBXBuildFile section */

/* Begin PBXContainerItemProxy section */
		3F082AA51B7B05DF00B60D6C /* PBXContainerItemProxy */ = {
			isa = PBXContainerItemProxy;
			containerPortal = 3F082A871B7B05DF00B60D6C /* Project object */;
			proxyType = 1;
			remoteGlobalIDString = 3F082A8E1B7B05DF00B60D6C;
			remoteInfo = "オリジナルアプリ（仕分け）";
		};
/* End PBXContainerItemProxy section */

/* Begin PBXFileReference section */
		3F082A8F1B7B05DF00B60D6C /* shiwake_swift.app */ = {isa = PBXFileReference; explicitFileType = wrapper.application; includeInIndex = 0; path = shiwake_swift.app; sourceTree = BUILT_PRODUCTS_DIR; };
		3F082A931B7B05DF00B60D6C /* Info.plist */ = {isa = PBXFileReference; lastKnownFileType = text.plist.xml; path = Info.plist; sourceTree = "<group>"; };
		3F082A941B7B05DF00B60D6C /* AppDelegate.swift */ = {isa = PBXFileReference; lastKnownFileType = sourcecode.swift; path = AppDelegate.swift; sourceTree = "<group>"; };
		3F082A961B7B05DF00B60D6C /* ViewController.swift */ = {isa = PBXFileReference; lastKnownFileType = sourcecode.swift; path = ViewController.swift; sourceTree = "<group>"; };
		3F082A991B7B05DF00B60D6C /* Base */ = {isa = PBXFileReference; lastKnownFileType = file.storyboard; name = Base; path = Base.lproj/Main.storyboard; sourceTree = "<group>"; };
		3F082A9B1B7B05DF00B60D6C /* Images.xcassets */ = {isa = PBXFileReference; lastKnownFileType = folder.assetcatalog; path = Images.xcassets; sourceTree = "<group>"; };
		3F082AA41B7B05DF00B60D6C /* shiwake_swift.xctest */ = {isa = PBXFileReference; explicitFileType = wrapper.cfbundle; includeInIndex = 0; path = shiwake_swift.xctest; sourceTree = BUILT_PRODUCTS_DIR; };
		3F082AA91B7B05DF00B60D6C /* Info.plist */ = {isa = PBXFileReference; lastKnownFileType = text.plist.xml; path = Info.plist; sourceTree = "<group>"; };
		3F082AAA1B7B05DF00B60D6C /* _______________Tests.swift */ = {isa = PBXFileReference; lastKnownFileType = sourcecode.swift; path = "_______________Tests.swift"; sourceTree = "<group>"; };
		3F082AB41B7C283A00B60D6C /* ViewControllera.swift */ = {isa = PBXFileReference; fileEncoding = 4; lastKnownFileType = sourcecode.swift; path = ViewControllera.swift; sourceTree = "<group>"; };
		3F082AB61B7C284900B60D6C /* ViewControllerb.swift */ = {isa = PBXFileReference; fileEncoding = 4; lastKnownFileType = sourcecode.swift; path = ViewControllerb.swift; sourceTree = "<group>"; };
		3F082AB81B7C285800B60D6C /* ViewControllerc.swift */ = {isa = PBXFileReference; fileEncoding = 4; lastKnownFileType = sourcecode.swift; path = ViewControllerc.swift; sourceTree = "<group>"; };
		3F082ABA1B7C287C00B60D6C /* ViewControllerd.swift */ = {isa = PBXFileReference; fileEncoding = 4; lastKnownFileType = sourcecode.swift; path = ViewControllerd.swift; sourceTree = "<group>"; };
		3F29A5821CEF20290089B001 /* o.png */ = {isa = PBXFileReference; lastKnownFileType = image.png; path = o.png; sourceTree = "<group>"; };
		3F29A5841CEF203A0089B001 /* aaa.png */ = {isa = PBXFileReference; lastKnownFileType = image.png; path = aaa.png; sourceTree = "<group>"; };
		3F59D1BD1C5247FA00BD7693 /* Contents.json */ = {isa = PBXFileReference; fileEncoding = 4; lastKnownFileType = text.json; path = Contents.json; sourceTree = "<group>"; };
		3F59D1BE1C5247FA00BD7693 /* Icon-40.png */ = {isa = PBXFileReference; lastKnownFileType = image.png; path = "Icon-40.png"; sourceTree = "<group>"; };
		3F59D1BF1C5247FA00BD7693 /* Icon-40@2x.png */ = {isa = PBXFileReference; lastKnownFileType = image.png; path = "Icon-40@2x.png"; sourceTree = "<group>"; };
		3F59D1C01C5247FA00BD7693 /* Icon-40@3x.png */ = {isa = PBXFileReference; lastKnownFileType = image.png; path = "Icon-40@3x.png"; sourceTree = "<group>"; };
		3F59D1C11C5247FA00BD7693 /* Icon-60@2x.png */ = {isa = PBXFileReference; lastKnownFileType = image.png; path = "Icon-60@2x.png"; sourceTree = "<group>"; };
		3F59D1C21C5247FA00BD7693 /* Icon-60@3x.png */ = {isa = PBXFileReference; lastKnownFileType = image.png; path = "Icon-60@3x.png"; sourceTree = "<group>"; };
		3F59D1C31C5247FA00BD7693 /* Icon-76.png */ = {isa = PBXFileReference; lastKnownFileType = image.png; path = "Icon-76.png"; sourceTree = "<group>"; };
		3F59D1C41C5247FA00BD7693 /* Icon-76@2x.png */ = {isa = PBXFileReference; lastKnownFileType = image.png; path = "Icon-76@2x.png"; sourceTree = "<group>"; };
		3F59D1C51C5247FA00BD7693 /* Icon-Small.png */ = {isa = PBXFileReference; lastKnownFileType = image.png; path = "Icon-Small.png"; sourceTree = "<group>"; };
		3F59D1C61C5247FA00BD7693 /* Icon-Small@2x.png */ = {isa = PBXFileReference; lastKnownFileType = image.png; path = "Icon-Small@2x.png"; sourceTree = "<group>"; };
		3F59D1C71C5247FA00BD7693 /* Icon-Small@3x.png */ = {isa = PBXFileReference; lastKnownFileType = image.png; path = "Icon-Small@3x.png"; sourceTree = "<group>"; };
		3F59D1D31C52495800BD7693 /* Default-736h@3x.png */ = {isa = PBXFileReference; lastKnownFileType = image.png; path = "Default-736h@3x.png"; sourceTree = "<group>"; };
		3F59D1D71C524A3900BD7693 /* 3.5inch.storyboard */ = {isa = PBXFileReference; fileEncoding = 4; lastKnownFileType = file.storyboard; name = 3.5inch.storyboard; path = ../3.5inch.storyboard; sourceTree = "<group>"; };
		3F5E5CEC1BECBD4D00681F51 /* KS-Kohichi-FeltPen.ttf */ = {isa = PBXFileReference; lastKnownFileType = file; path = "KS-Kohichi-FeltPen.ttf"; sourceTree = "<group>"; };
		3F89F9911BF5EE1C008D36E4 /* .gitignore */ = {isa = PBXFileReference; fileEncoding = 4; lastKnownFileType = text; path = .gitignore; sourceTree = "<group>"; };
		3F89F9931BF5EE1C008D36E4 /* Default-568h@2x.png */ = {isa = PBXFileReference; lastKnownFileType = image.png; path = "Default-568h@2x.png"; sourceTree = "<group>"; };
		3F89F9941BF5EE1C008D36E4 /* Default-667h@2x.png */ = {isa = PBXFileReference; lastKnownFileType = image.png; path = "Default-667h@2x.png"; sourceTree = "<group>"; };
		3F89F9961BF5EE1C008D36E4 /* README.md */ = {isa = PBXFileReference; fileEncoding = 4; lastKnownFileType = net.daringfireball.markdown; path = README.md; sourceTree = "<group>"; };
		3F89F9971BF5EE1C008D36E4 /* StoryboardHelper.swift */ = {isa = PBXFileReference; fileEncoding = 4; lastKnownFileType = sourcecode.swift; path = StoryboardHelper.swift; sourceTree = "<group>"; };
		3FE1A3051C524165002FA61C /* j.png */ = {isa = PBXFileReference; lastKnownFileType = image.png; path = j.png; sourceTree = "<group>"; };
		3FE1A3071C524170002FA61C /* food_mentaiko.png */ = {isa = PBXFileReference; lastKnownFileType = image.png; path = food_mentaiko.png; sourceTree = "<group>"; };
		3FE1A3091C524179002FA61C /* food_tarako.png */ = {isa = PBXFileReference; lastKnownFileType = image.png; path = food_tarako.png; sourceTree = "<group>"; };
		3FF5F8621B7C2CAF000859C4 /* vegitable01-001.gif */ = {isa = PBXFileReference; lastKnownFileType = image.gif; path = "vegitable01-001.gif"; sourceTree = "<group>"; };
		3FF5F8631B7C2CAF000859C4 /* vegitable01-043.gif */ = {isa = PBXFileReference; lastKnownFileType = image.gif; path = "vegitable01-043.gif"; sourceTree = "<group>"; };
		3FF5F8751B7C2FD5000859C4 /* ZinHena-MK.otf */ = {isa = PBXFileReference; lastKnownFileType = file; path = "ZinHena-MK.otf"; sourceTree = "<group>"; };
/* End PBXFileReference section */

/* Begin PBXFrameworksBuildPhase section */
		3F082A8C1B7B05DF00B60D6C /* Frameworks */ = {
			isa = PBXFrameworksBuildPhase;
			buildActionMask = 2147483647;
			files = (
			);
			runOnlyForDeploymentPostprocessing = 0;
		};
		3F082AA11B7B05DF00B60D6C /* Frameworks */ = {
			isa = PBXFrameworksBuildPhase;
			buildActionMask = 2147483647;
			files = (
			);
			runOnlyForDeploymentPostprocessing = 0;
		};
/* End PBXFrameworksBuildPhase section */

/* Begin PBXGroup section */
		3F082A861B7B05DF00B60D6C = {
			isa = PBXGroup;
			children = (
				3F59D1BC1C5247FA00BD7693 /* AppIcon.appiconset */,
				3F89F9901BF5EE1C008D36E4 /* StoryboardHelper-master */,
				3F5E5CEA1BECB87A00681F51 /* Resources */,
				3F082A911B7B05DF00B60D6C /* オリジナルアプリ（仕分け） */,
				3F082AA71B7B05DF00B60D6C /* オリジナルアプリ（仕分け）Tests */,
				3F082A901B7B05DF00B60D6C /* Products */,
			);
			sourceTree = "<group>";
		};
		3F082A901B7B05DF00B60D6C /* Products */ = {
			isa = PBXGroup;
			children = (
				3F082A8F1B7B05DF00B60D6C /* shiwake_swift.app */,
				3F082AA41B7B05DF00B60D6C /* shiwake_swift.xctest */,
			);
			name = Products;
			sourceTree = "<group>";
		};
		3F082A911B7B05DF00B60D6C /* オリジナルアプリ（仕分け） */ = {
			isa = PBXGroup;
			children = (
				3FF5F8731B7C2FD5000859C4 /* ZInFree_HenaKana */,
				3FE1A3051C524165002FA61C /* j.png */,
				3FE1A3091C524179002FA61C /* food_tarako.png */,
				3FE1A3071C524170002FA61C /* food_mentaiko.png */,
				3F29A5821CEF20290089B001 /* o.png */,
				3F29A5841CEF203A0089B001 /* aaa.png */,
				3FF5F8621B7C2CAF000859C4 /* vegitable01-001.gif */,
				3FF5F8631B7C2CAF000859C4 /* vegitable01-043.gif */,
				3F082A981B7B05DF00B60D6C /* Main.storyboard */,
				3F59D1D71C524A3900BD7693 /* 3.5inch.storyboard */,
				3F082A9B1B7B05DF00B60D6C /* Images.xcassets */,
				3F082A941B7B05DF00B60D6C /* AppDelegate.swift */,
				3F082A961B7B05DF00B60D6C /* ViewController.swift */,
				3F082AB41B7C283A00B60D6C /* ViewControllera.swift */,
				3F082AB61B7C284900B60D6C /* ViewControllerb.swift */,
				3F082AB81B7C285800B60D6C /* ViewControllerc.swift */,
				3F082ABA1B7C287C00B60D6C /* ViewControllerd.swift */,
				3F082A921B7B05DF00B60D6C /* Supporting Files */,
			);
			path = "オリジナルアプリ（仕分け）";
			sourceTree = "<group>";
		};
		3F082A921B7B05DF00B60D6C /* Supporting Files */ = {
			isa = PBXGroup;
			children = (
				3F082A931B7B05DF00B60D6C /* Info.plist */,
			);
			name = "Supporting Files";
			sourceTree = "<group>";
		};
		3F082AA71B7B05DF00B60D6C /* オリジナルアプリ（仕分け）Tests */ = {
			isa = PBXGroup;
			children = (
				3F082AAA1B7B05DF00B60D6C /* _______________Tests.swift */,
				3F082AA81B7B05DF00B60D6C /* Supporting Files */,
			);
			path = "オリジナルアプリ（仕分け）Tests";
			sourceTree = "<group>";
		};
		3F082AA81B7B05DF00B60D6C /* Supporting Files */ = {
			isa = PBXGroup;
			children = (
				3F082AA91B7B05DF00B60D6C /* Info.plist */,
			);
			name = "Supporting Files";
			sourceTree = "<group>";
		};
		3F59D1BC1C5247FA00BD7693 /* AppIcon.appiconset */ = {
			isa = PBXGroup;
			children = (
				3F59D1BD1C5247FA00BD7693 /* Contents.json */,
				3F59D1BE1C5247FA00BD7693 /* Icon-40.png */,
				3F59D1BF1C5247FA00BD7693 /* Icon-40@2x.png */,
				3F59D1C01C5247FA00BD7693 /* Icon-40@3x.png */,
				3F59D1C11C5247FA00BD7693 /* Icon-60@2x.png */,
				3F59D1C21C5247FA00BD7693 /* Icon-60@3x.png */,
				3F59D1C31C5247FA00BD7693 /* Icon-76.png */,
				3F59D1C41C5247FA00BD7693 /* Icon-76@2x.png */,
				3F59D1C51C5247FA00BD7693 /* Icon-Small.png */,
				3F59D1C61C5247FA00BD7693 /* Icon-Small@2x.png */,
				3F59D1C71C5247FA00BD7693 /* Icon-Small@3x.png */,
			);
			path = AppIcon.appiconset;
			sourceTree = "<group>";
		};
		3F5E5CEA1BECB87A00681F51 /* Resources */ = {
			isa = PBXGroup;
			children = (
				3F5E5CEB1BECB87A00681F51 /* font */,
			);
			path = Resources;
			sourceTree = "<group>";
		};
		3F5E5CEB1BECB87A00681F51 /* font */ = {
			isa = PBXGroup;
			children = (
				3F5E5CEC1BECBD4D00681F51 /* KS-Kohichi-FeltPen.ttf */,
			);
			path = font;
			sourceTree = "<group>";
		};
		3F89F9901BF5EE1C008D36E4 /* StoryboardHelper-master */ = {
			isa = PBXGroup;
			children = (
				3F89F9911BF5EE1C008D36E4 /* .gitignore */,
				3F89F9921BF5EE1C008D36E4 /* Defaults */,
				3F89F9961BF5EE1C008D36E4 /* README.md */,
				3F89F9971BF5EE1C008D36E4 /* StoryboardHelper.swift */,
			);
			name = "StoryboardHelper-master";
			path = "ios/StoryboardHelper-master";
			sourceTree = "<group>";
		};
		3F89F9921BF5EE1C008D36E4 /* Defaults */ = {
			isa = PBXGroup;
			children = (
				3F89F9931BF5EE1C008D36E4 /* Default-568h@2x.png */,
				3F89F9941BF5EE1C008D36E4 /* Default-667h@2x.png */,
				3F59D1D31C52495800BD7693 /* Default-736h@3x.png */,
			);
			path = Defaults;
			sourceTree = "<group>";
		};
		3FF5F8731B7C2FD5000859C4 /* ZInFree_HenaKana */ = {
			isa = PBXGroup;
			children = (
				3FF5F8751B7C2FD5000859C4 /* ZinHena-MK.otf */,
			);
			path = ZInFree_HenaKana;
			sourceTree = "<group>";
		};
/* End PBXGroup section */

/* Begin PBXNativeTarget section */
		3F082A8E1B7B05DF00B60D6C /* shiwake_swift */ = {
			isa = PBXNativeTarget;
			buildConfigurationList = 3F082AAE1B7B05DF00B60D6C /* Build configuration list for PBXNativeTarget "shiwake_swift" */;
			buildPhases = (
				3F082A8B1B7B05DF00B60D6C /* Sources */,
				3F082A8C1B7B05DF00B60D6C /* Frameworks */,
				3F082A8D1B7B05DF00B60D6C /* Resources */,
			);
			buildRules = (
			);
			dependencies = (
			);
			name = shiwake_swift;
			productName = "オリジナルアプリ（仕分け）";
			productReference = 3F082A8F1B7B05DF00B60D6C /* shiwake_swift.app */;
			productType = "com.apple.product-type.application";
		};
		3F082AA31B7B05DF00B60D6C /* shiwake_swiftTests */ = {
			isa = PBXNativeTarget;
			buildConfigurationList = 3F082AB11B7B05DF00B60D6C /* Build configuration list for PBXNativeTarget "shiwake_swiftTests" */;
			buildPhases = (
				3F082AA01B7B05DF00B60D6C /* Sources */,
				3F082AA11B7B05DF00B60D6C /* Frameworks */,
				3F082AA21B7B05DF00B60D6C /* Resources */,
			);
			buildRules = (
			);
			dependencies = (
				3F082AA61B7B05DF00B60D6C /* PBXTargetDependency */,
			);
			name = shiwake_swiftTests;
			productName = "オリジナルアプリ（仕分け）Tests";
			productReference = 3F082AA41B7B05DF00B60D6C /* shiwake_swift.xctest */;
			productType = "com.apple.product-type.bundle.unit-test";
		};
/* End PBXNativeTarget section */

/* Begin PBXProject section */
		3F082A871B7B05DF00B60D6C /* Project object */ = {
			isa = PBXProject;
			attributes = {
				LastSwiftUpdateCheck = 0700;
				LastUpgradeCheck = 0640;
				ORGANIZATIONNAME = "小泉心之介";
				TargetAttributes = {
					3F082A8E1B7B05DF00B60D6C = {
						CreatedOnToolsVersion = 6.4;
					};
					3F082AA31B7B05DF00B60D6C = {
						CreatedOnToolsVersion = 6.4;
						TestTargetID = 3F082A8E1B7B05DF00B60D6C;
					};
				};
			};
			buildConfigurationList = 3F082A8A1B7B05DF00B60D6C /* Build configuration list for PBXProject "shiwake_swift" */;
			compatibilityVersion = "Xcode 3.2";
			developmentRegion = English;
			hasScannedForEncodings = 0;
			knownRegions = (
				en,
				Base,
			);
			mainGroup = 3F082A861B7B05DF00B60D6C;
			productRefGroup = 3F082A901B7B05DF00B60D6C /* Products */;
			projectDirPath = "";
			projectRoot = "";
			targets = (
				3F082A8E1B7B05DF00B60D6C /* shiwake_swift */,
				3F082AA31B7B05DF00B60D6C /* shiwake_swiftTests */,
			);
		};
/* End PBXProject section */

/* Begin PBXResourcesBuildPhase section */
		3F082A8D1B7B05DF00B60D6C /* Resources */ = {
			isa = PBXResourcesBuildPhase;
			buildActionMask = 2147483647;
			files = (
				3F29A5851CEF203A0089B001 /* aaa.png in Resources */,
				3FF5F86E1B7C2CAF000859C4 /* vegitable01-043.gif in Resources */,
				3F59D1C91C5247FA00BD7693 /* Icon-40.png in Resources */,
				3F59D1CA1C5247FA00BD7693 /* Icon-40@2x.png in Resources */,
				3F59D1C81C5247FA00BD7693 /* Contents.json in Resources */,
				3F59D1D41C52495800BD7693 /* Default-736h@3x.png in Resources */,
				3FE1A3081C524170002FA61C /* food_mentaiko.png in Resources */,
				3F5E5CED1BECBD4D00681F51 /* KS-Kohichi-FeltPen.ttf in Resources */,
				3F29A5831CEF20290089B001 /* o.png in Resources */,
				3F59D1D01C5247FA00BD7693 /* Icon-Small.png in Resources */,
				3FE1A30A1C524179002FA61C /* food_tarako.png in Resources */,
				3FF5F8781B7C2FD5000859C4 /* ZinHena-MK.otf in Resources */,
				3F082A9A1B7B05DF00B60D6C /* Main.storyboard in Resources */,
				3F59D1CC1C5247FA00BD7693 /* Icon-60@2x.png in Resources */,
				3F89F99A1BF5EE1C008D36E4 /* Default-667h@2x.png in Resources */,
				3F59D1D21C5247FA00BD7693 /* Icon-Small@3x.png in Resources */,
				3F59D1D81C524A3900BD7693 /* 3.5inch.storyboard in Resources */,
				3FE1A3061C524165002FA61C /* j.png in Resources */,
				3F89F9981BF5EE1C008D36E4 /* .gitignore in Resources */,
				3FF5F86D1B7C2CAF000859C4 /* vegitable01-001.gif in Resources */,
				3F89F9991BF5EE1C008D36E4 /* Default-568h@2x.png in Resources */,
				3F59D1CF1C5247FA00BD7693 /* Icon-76@2x.png in Resources */,
				3F59D1CE1C5247FA00BD7693 /* Icon-76.png in Resources */,
				3F59D1CD1C5247FA00BD7693 /* Icon-60@3x.png in Resources */,
				3F082A9C1B7B05DF00B60D6C /* Images.xcassets in Resources */,
				3F59D1D11C5247FA00BD7693 /* Icon-Small@2x.png in Resources */,
				3F59D1CB1C5247FA00BD7693 /* Icon-40@3x.png in Resources */,
			);
			runOnlyForDeploymentPostprocessing = 0;
		};
		3F082AA21B7B05DF00B60D6C /* Resources */ = {
			isa = PBXResourcesBuildPhase;
			buildActionMask = 2147483647;
			files = (
			);
			runOnlyForDeploymentPostprocessing = 0;
		};
/* End PBXResourcesBuildPhase section */

/* Begin PBXSourcesBuildPhase section */
		3F082A8B1B7B05DF00B60D6C /* Sources */ = {
			isa = PBXSourcesBuildPhase;
			buildActionMask = 2147483647;
			files = (
				3F082A971B7B05DF00B60D6C /* ViewController.swift in Sources */,
				3F082ABB1B7C287C00B60D6C /* ViewControllerd.swift in Sources */,
				3F89F99D1BF5EE1C008D36E4 /* StoryboardHelper.swift in Sources */,
				3F082AB51B7C283A00B60D6C /* ViewControllera.swift in Sources */,
				3F89F99C1BF5EE1C008D36E4 /* README.md in Sources */,
				3F082A951B7B05DF00B60D6C /* AppDelegate.swift in Sources */,
				3F082AB91B7C285800B60D6C /* ViewControllerc.swift in Sources */,
				3F082AB71B7C284900B60D6C /* ViewControllerb.swift in Sources */,
			);
			runOnlyForDeploymentPostprocessing = 0;
		};
		3F082AA01B7B05DF00B60D6C /* Sources */ = {
			isa = PBXSourcesBuildPhase;
			buildActionMask = 2147483647;
			files = (
				3F082AAB1B7B05DF00B60D6C /* _______________Tests.swift in Sources */,
			);
			runOnlyForDeploymentPostprocessing = 0;
		};
/* End PBXSourcesBuildPhase section */

/* Begin PBXTargetDependency section */
		3F082AA61B7B05DF00B60D6C /* PBXTargetDependency */ = {
			isa = PBXTargetDependency;
			target = 3F082A8E1B7B05DF00B60D6C /* shiwake_swift */;
			targetProxy = 3F082AA51B7B05DF00B60D6C /* PBXContainerItemProxy */;
		};
/* End PBXTargetDependency section */

/* Begin PBXVariantGroup section */
		3F082A981B7B05DF00B60D6C /* Main.storyboard */ = {
			isa = PBXVariantGroup;
			children = (
				3F082A991B7B05DF00B60D6C /* Base */,
			);
			name = Main.storyboard;
			sourceTree = "<group>";
		};
/* End PBXVariantGroup section */

/* Begin XCBuildConfiguration section */
		3F082AAC1B7B05DF00B60D6C /* Debug */ = {
			isa = XCBuildConfiguration;
			buildSettings = {
				ALWAYS_SEARCH_USER_PATHS = NO;
				CLANG_CXX_LANGUAGE_STANDARD = "gnu++0x";
				CLANG_CXX_LIBRARY = "libc++";
				CLANG_ENABLE_MODULES = YES;
				CLANG_ENABLE_OBJC_ARC = YES;
				CLANG_WARN_BOOL_CONVERSION = YES;
				CLANG_WARN_CONSTANT_CONVERSION = YES;
				CLANG_WARN_DIRECT_OBJC_ISA_USAGE = YES_ERROR;
				CLANG_WARN_EMPTY_BODY = YES;
				CLANG_WARN_ENUM_CONVERSION = YES;
				CLANG_WARN_INT_CONVERSION = YES;
				CLANG_WARN_OBJC_ROOT_CLASS = YES_ERROR;
				CLANG_WARN_UNREACHABLE_CODE = YES;
				CLANG_WARN__DUPLICATE_METHOD_MATCH = YES;
				"CODE_SIGN_IDENTITY[sdk=iphoneos*]" = "iPhone Developer";
				COPY_PHASE_STRIP = NO;
				DEBUG_INFORMATION_FORMAT = "dwarf-with-dsym";
				ENABLE_BITCODE = NO;
				ENABLE_STRICT_OBJC_MSGSEND = YES;
				GCC_C_LANGUAGE_STANDARD = gnu99;
				GCC_DYNAMIC_NO_PIC = NO;
				GCC_NO_COMMON_BLOCKS = YES;
				GCC_OPTIMIZATION_LEVEL = 0;
				GCC_PREPROCESSOR_DEFINITIONS = (
					"DEBUG=1",
					"$(inherited)",
				);
				GCC_SYMBOLS_PRIVATE_EXTERN = NO;
				GCC_WARN_64_TO_32_BIT_CONVERSION = YES;
				GCC_WARN_ABOUT_RETURN_TYPE = YES_ERROR;
				GCC_WARN_UNDECLARED_SELECTOR = YES;
				GCC_WARN_UNINITIALIZED_AUTOS = YES_AGGRESSIVE;
				GCC_WARN_UNUSED_FUNCTION = YES;
				GCC_WARN_UNUSED_VARIABLE = YES;
				IPHONEOS_DEPLOYMENT_TARGET = 8.4;
				MTL_ENABLE_DEBUG_INFO = YES;
				ONLY_ACTIVE_ARCH = YES;
				SDKROOT = iphoneos;
				SWIFT_OPTIMIZATION_LEVEL = "-Onone";
			};
			name = Debug;
		};
		3F082AAD1B7B05DF00B60D6C /* Release */ = {
			isa = XCBuildConfiguration;
			buildSettings = {
				ALWAYS_SEARCH_USER_PATHS = NO;
				CLANG_CXX_LANGUAGE_STANDARD = "gnu++0x";
				CLANG_CXX_LIBRARY = "libc++";
				CLANG_ENABLE_MODULES = YES;
				CLANG_ENABLE_OBJC_ARC = YES;
				CLANG_WARN_BOOL_CONVERSION = YES;
				CLANG_WARN_CONSTANT_CONVERSION = YES;
				CLANG_WARN_DIRECT_OBJC_ISA_USAGE = YES_ERROR;
				CLANG_WARN_EMPTY_BODY = YES;
				CLANG_WARN_ENUM_CONVERSION = YES;
				CLANG_WARN_INT_CONVERSION = YES;
				CLANG_WARN_OBJC_ROOT_CLASS = YES_ERROR;
				CLANG_WARN_UNREACHABLE_CODE = YES;
				CLANG_WARN__DUPLICATE_METHOD_MATCH = YES;
				CODE_SIGN_IDENTITY = "iPhone Developer";
				"CODE_SIGN_IDENTITY[sdk=iphoneos*]" = "iPhone Developer";
				COPY_PHASE_STRIP = NO;
				DEBUG_INFORMATION_FORMAT = "dwarf-with-dsym";
				ENABLE_BITCODE = NO;
				ENABLE_NS_ASSERTIONS = NO;
				ENABLE_STRICT_OBJC_MSGSEND = YES;
				GCC_C_LANGUAGE_STANDARD = gnu99;
				GCC_NO_COMMON_BLOCKS = YES;
				GCC_WARN_64_TO_32_BIT_CONVERSION = YES;
				GCC_WARN_ABOUT_RETURN_TYPE = YES_ERROR;
				GCC_WARN_UNDECLARED_SELECTOR = YES;
				GCC_WARN_UNINITIALIZED_AUTOS = YES_AGGRESSIVE;
				GCC_WARN_UNUSED_FUNCTION = YES;
				GCC_WARN_UNUSED_VARIABLE = YES;
				IPHONEOS_DEPLOYMENT_TARGET = 8.4;
				MTL_ENABLE_DEBUG_INFO = NO;
				PROVISIONING_PROFILE = "";
				SDKROOT = iphoneos;
				VALIDATE_PRODUCT = YES;
			};
			name = Release;
		};
		3F082AAF1B7B05DF00B60D6C /* Debug */ = {
			isa = XCBuildConfiguration;
			buildSettings = {
				ASSETCATALOG_COMPILER_APPICON_NAME = AppIcon;
				INFOPLIST_FILE = "オリジナルアプリ（仕分け）/Info.plist";
				LD_RUNPATH_SEARCH_PATHS = "$(inherited) @executable_path/Frameworks";
				PRODUCT_BUNDLE_IDENTIFIER = shinnisuke.com;
				PRODUCT_NAME = shiwake_swift;
			};
			name = Debug;
		};
		3F082AB01B7B05DF00B60D6C /* Release */ = {
			isa = XCBuildConfiguration;
			buildSettings = {
				ASSETCATALOG_COMPILER_APPICON_NAME = AppIcon;
				INFOPLIST_FILE = "オリジナルアプリ（仕分け）/Info.plist";
				LD_RUNPATH_SEARCH_PATHS = "$(inherited) @executable_path/Frameworks";
				PRODUCT_BUNDLE_IDENTIFIER = shinnisuke.com;
				PRODUCT_NAME = shiwake_swift;
				SWIFT_OPTIMIZATION_LEVEL = "-Onone";
			};
			name = Release;
		};
		3F082AB21B7B05DF00B60D6C /* Debug */ = {
			isa = XCBuildConfiguration;
			buildSettings = {
				BUNDLE_LOADER = "$(TEST_HOST)";
				FRAMEWORK_SEARCH_PATHS = (
					"$(SDKROOT)/Developer/Library/Frameworks",
					"$(inherited)",
				);
				GCC_PREPROCESSOR_DEFINITIONS = (
					"DEBUG=1",
					"$(inherited)",
				);
				INFOPLIST_FILE = "オリジナルアプリ（仕分け）Tests/Info.plist";
				LD_RUNPATH_SEARCH_PATHS = "$(inherited) @executable_path/Frameworks @loader_path/Frameworks";
				PRODUCT_NAME = shiwake_swift;
				TEST_HOST = "$(BUILT_PRODUCTS_DIR)/shiwake_swift.app/shiwake_swift";
			};
			name = Debug;
		};
		3F082AB31B7B05DF00B60D6C /* Release */ = {
			isa = XCBuildConfiguration;
			buildSettings = {
				BUNDLE_LOADER = "$(TEST_HOST)";
				FRAMEWORK_SEARCH_PATHS = (
					"$(SDKROOT)/Developer/Library/Frameworks",
					"$(inherited)",
				);
				INFOPLIST_FILE = "オリジナルアプリ（仕分け）Tests/Info.plist";
				LD_RUNPATH_SEARCH_PATHS = "$(inherited) @executable_path/Frameworks @loader_path/Frameworks";
				PRODUCT_NAME = shiwake_swift;
				TEST_HOST = "$(BUILT_PRODUCTS_DIR)/shiwake_swift.app/shiwake_swift";
			};
			name = Release;
		};
/* End XCBuildConfiguration section */

/* Begin XCConfigurationList section */
		3F082A8A1B7B05DF00B60D6C /* Build configuration list for PBXProject "shiwake_swift" */ = {
			isa = XCConfigurationList;
			buildConfigurations = (
				3F082AAC1B7B05DF00B60D6C /* Debug */,
				3F082AAD1B7B05DF00B60D6C /* Release */,
			);
			defaultConfigurationIsVisible = 0;
			defaultConfigurationName = Release;
		};
		3F082AAE1B7B05DF00B60D6C /* Build configuration list for PBXNativeTarget "shiwake_swift" */ = {
			isa = XCConfigurationList;
			buildConfigurations = (
				3F082AAF1B7B05DF00B60D6C /* Debug */,
				3F082AB01B7B05DF00B60D6C /* Release */,
			);
			defaultConfigurationIsVisible = 0;
			defaultConfigurationName = Release;
		};
		3F082AB11B7B05DF00B60D6C /* Build configuration list for PBXNativeTarget "shiwake_swiftTests" */ = {
			isa = XCConfigurationList;
			buildConfigurations = (
				3F082AB21B7B05DF00B60D6C /* Debug */,
				3F082AB31B7B05DF00B60D6C /* Release */,
			);
			defaultConfigurationIsVisible = 0;
			defaultConfigurationName = Release;
		};
/* End XCConfigurationList section */
	};
	rootObject = 3F082A871B7B05DF00B60D6C /* Project object */;
}
